
Microsoft Visual Studio Solution File, Format Version 12.00
# Visual Studio 15
VisualStudioVersion = 15.0.28307.421
MinimumVisualStudioVersion = 10.0.40219.1
Project("{FAE04EC0-301F-11D3-BF4B-00C04F79EFBC}") = "TextDiffEngine", "TextDiffEngine\TextDiffEngine.csproj", "{6DE255C5-CAD5-4C2D-94CD-55693846D87B}"
EndProject
Project("{FAE04EC0-301F-11D3-BF4B-00C04F79EFBC}") = "TextDiff.Tests", "TextDiff.Tests\TextDiff.Tests.csproj", "{4D6E7B5F-7765-4739-8913-5833197BEA54}"
EndProject
Global
	GlobalSection(SolutionConfigurationPlatforms) = preSolution
		Debug|Any CPU = Debug|Any CPU
		Release|Any CPU = Release|Any CPU
	EndGlobalSection
	GlobalSection(ProjectConfigurationPlatforms) = postSolution
		{6DE255C5-CAD5-4C2D-94CD-55693846D87B}.Debug|Any CPU.ActiveCfg = Debug|Any CPU
		{6DE255C5-CAD5-4C2D-94CD-55693846D87B}.Debug|Any CPU.Build.0 = Debug|Any CPU
		{6DE255C5-CAD5-4C2D-94CD-55693846D87B}.Release|Any CPU.ActiveCfg = Release|Any CPU
		{6DE255C5-CAD5-4C2D-94CD-55693846D87B}.Release|Any CPU.Build.0 = Release|Any CPU
		{4D6E7B5F-7765-4739-8913-5833197BEA54}.Debug|Any CPU.ActiveCfg = Debug|Any CPU
		{4D6E7B5F-7765-4739-8913-5833197BEA54}.Debug|Any CPU.Build.0 = Debug|Any CPU
		{4D6E7B5F-7765-4739-8913-5833197BEA54}.Release|Any CPU.ActiveCfg = Release|Any CPU
		{4D6E7B5F-7765-4739-8913-5833197BEA54}.Release|Any CPU.Build.0 = Release|Any CPU
	EndGlobalSection
	GlobalSection(SolutionProperties) = preSolution
		HideSolutionNode = FALSE
	EndGlobalSection
	GlobalSection(ExtensibilityGlobals) = postSolution
		SolutionGuid = {FC7947E2-43BA-4F31-851F-8663FB928234}
	EndGlobalSection
EndGlobal
